[[package]]
name = "atomicwrites"
version = "1.4.0"
description = "Atomic file writes."
category = "dev"
optional = false
python-versions = ">=2.7, !=3.0.*, !=3.1.*, !=3.2.*, !=3.3.*"

[[package]]
name = "attrs"
version = "20.3.0"
description = "Classes Without Boilerplate"
category = "dev"
optional = false
python-versions = ">=2.7, !=3.0.*, !=3.1.*, !=3.2.*, !=3.3.*"

[package.extras]
dev = ["coverage[toml] (>=5.0.2)", "hypothesis", "pympler", "pytest (>=4.3.0)", "six", "zope.interface", "furo", "sphinx", "pre-commit"]
docs = ["furo", "sphinx", "zope.interface"]
tests = ["coverage[toml] (>=5.0.2)", "hypothesis", "pympler", "pytest (>=4.3.0)", "six", "zope.interface"]
tests_no_zope = ["coverage[toml] (>=5.0.2)", "hypothesis", "pympler", "pytest (>=4.3.0)", "six"]

[[package]]
name = "autoload-module"
version = "1.2.0"
description = "Python Autoload Module"
category = "main"
optional = false
python-versions = ">=3.8,<4.0"

[[package]]
name = "certifi"
version = "2020.12.5"
description = "Python package for providing Mozilla's CA Bundle."
category = "dev"
optional = false
python-versions = "*"

[[package]]
name = "chardet"
version = "4.0.0"
description = "Universal encoding detector for Python 2 and 3"
category = "dev"
optional = false
python-versions = ">=2.7, !=3.0.*, !=3.1.*, !=3.2.*, !=3.3.*, !=3.4.*"

[[package]]
name = "chromedriver-binary-auto"
version = "0.1.1"
description = "Installer for chromedriver."
category = "main"
optional = false
python-versions = "*"

[[package]]
name = "click"
version = "7.1.2"
description = "Composable command line interface toolkit"
category = "main"
optional = false
python-versions = ">=2.7, !=3.0.*, !=3.1.*, !=3.2.*, !=3.3.*, !=3.4.*"

[[package]]
name = "colorama"
version = "0.4.4"
description = "Cross-platform colored terminal text."
category = "dev"
optional = false
python-versions = ">=2.7, !=3.0.*, !=3.1.*, !=3.2.*, !=3.3.*, !=3.4.*"

[[package]]
name = "debugpy"
version = "1.3.0"
description = "An implementation of the Debug Adapter Protocol for Python"
category = "dev"
optional = false
python-versions = ">=2.7,!=3.0.*,!=3.1.*,!=3.2.*,!=3.3.*,!=3.4.*"

[[package]]
name = "fastapi"
version = "0.63.0"
description = "FastAPI framework, high performance, easy to learn, fast to code, ready for production"
category = "main"
optional = false
python-versions = ">=3.6"

[package.dependencies]
pydantic = ">=1.0.0,<2.0.0"
starlette = "0.13.6"

[package.extras]
all = ["requests (>=2.24.0,<3.0.0)", "aiofiles (>=0.5.0,<0.6.0)", "jinja2 (>=2.11.2,<3.0.0)", "python-multipart (>=0.0.5,<0.0.6)", "itsdangerous (>=1.1.0,<2.0.0)", "pyyaml (>=5.3.1,<6.0.0)", "graphene (>=2.1.8,<3.0.0)", "ujson (>=3.0.0,<4.0.0)", "orjson (>=3.2.1,<4.0.0)", "email_validator (>=1.1.1,<2.0.0)", "uvicorn[standard] (>=0.12.0,<0.14.0)", "async_exit_stack (>=1.0.1,<2.0.0)", "async_generator (>=1.10,<2.0.0)"]
dev = ["python-jose[cryptography] (>=3.1.0,<4.0.0)", "passlib[bcrypt] (>=1.7.2,<2.0.0)", "autoflake (>=1.3.1,<2.0.0)", "flake8 (>=3.8.3,<4.0.0)", "uvicorn[standard] (>=0.12.0,<0.14.0)", "graphene (>=2.1.8,<3.0.0)"]
doc = ["mkdocs (>=1.1.2,<2.0.0)", "mkdocs-material (>=6.1.4,<7.0.0)", "markdown-include (>=0.5.1,<0.6.0)", "mkdocs-markdownextradata-plugin (>=0.1.7,<0.2.0)", "typer-cli (>=0.0.9,<0.0.10)", "pyyaml (>=5.3.1,<6.0.0)"]
test = ["pytest (==5.4.3)", "pytest-cov (==2.10.0)", "pytest-asyncio (>=0.14.0,<0.15.0)", "mypy (==0.790)", "flake8 (>=3.8.3,<4.0.0)", "black (==20.8b1)", "isort (>=5.0.6,<6.0.0)", "requests (>=2.24.0,<3.0.0)", "httpx (>=0.14.0,<0.15.0)", "email_validator (>=1.1.1,<2.0.0)", "sqlalchemy (>=1.3.18,<2.0.0)", "peewee (>=3.13.3,<4.0.0)", "databases[sqlite] (>=0.3.2,<0.4.0)", "orjson (>=3.2.1,<4.0.0)", "async_exit_stack (>=1.0.1,<2.0.0)", "async_generator (>=1.10,<2.0.0)", "python-multipart (>=0.0.5,<0.0.6)", "aiofiles (>=0.5.0,<0.6.0)", "flask (>=1.1.2,<2.0.0)"]

[[package]]
name = "h11"
version = "0.12.0"
description = "A pure-Python, bring-your-own-I/O implementation of HTTP/1.1"
category = "main"
optional = false
python-versions = ">=3.6"

[[package]]
name = "idna"
version = "2.10"
description = "Internationalized Domain Names in Applications (IDNA)"
category = "dev"
optional = false
python-versions = ">=2.7, !=3.0.*, !=3.1.*, !=3.2.*, !=3.3.*"

[[package]]
name = "iniconfig"
version = "1.1.1"
description = "iniconfig: brain-dead simple config-ini parsing"
category = "dev"
optional = false
python-versions = "*"

[[package]]
name = "packaging"
version = "20.9"
description = "Core utilities for Python packages"
category = "dev"
optional = false
python-versions = ">=2.7, !=3.0.*, !=3.1.*, !=3.2.*, !=3.3.*"

[package.dependencies]
pyparsing = ">=2.0.2"

[[package]]
name = "pluggy"
version = "0.13.1"
description = "plugin and hook calling mechanisms for python"
category = "dev"
optional = false
python-versions = ">=2.7, !=3.0.*, !=3.1.*, !=3.2.*, !=3.3.*"

[package.extras]
dev = ["pre-commit", "tox"]

[[package]]
name = "py"
version = "1.10.0"
description = "library with cross-python path, ini-parsing, io, code, log facilities"
category = "dev"
optional = false
python-versions = ">=2.7, !=3.0.*, !=3.1.*, !=3.2.*, !=3.3.*"

[[package]]
name = "pydantic"
version = "1.8.1"
description = "Data validation and settings management using python 3.6 type hinting"
category = "main"
optional = false
python-versions = ">=3.6.1"

[package.dependencies]
typing-extensions = ">=3.7.4.3"

[package.extras]
dotenv = ["python-dotenv (>=0.10.4)"]
email = ["email-validator (>=1.0.3)"]

[[package]]
name = "pyparsing"
version = "2.4.7"
description = "Python parsing module"
category = "dev"
optional = false
python-versions = ">=2.6, !=3.0.*, !=3.1.*, !=3.2.*"

[[package]]
name = "pytest"
version = "6.2.3"
description = "pytest: simple powerful testing with Python"
category = "dev"
optional = false
python-versions = ">=3.6"

[package.dependencies]
atomicwrites = {version = ">=1.0", markers = "sys_platform == \"win32\""}
attrs = ">=19.2.0"
colorama = {version = "*", markers = "sys_platform == \"win32\""}
iniconfig = "*"
packaging = "*"
pluggy = ">=0.12,<1.0.0a1"
py = ">=1.8.2"
toml = "*"

[package.extras]
testing = ["argcomplete", "hypothesis (>=3.56)", "mock", "nose", "requests", "xmlschema"]

[[package]]
name = "pyyaml"
version = "5.4.1"
description = "YAML parser and emitter for Python"
category = "main"
optional = false
python-versions = ">=2.7, !=3.0.*, !=3.1.*, !=3.2.*, !=3.3.*, !=3.4.*, !=3.5.*"

[[package]]
name = "requests"
version = "2.25.1"
description = "Python HTTP for Humans."
category = "dev"
optional = false
python-versions = ">=2.7, !=3.0.*, !=3.1.*, !=3.2.*, !=3.3.*, !=3.4.*"

[package.dependencies]
certifi = ">=2017.4.17"
chardet = ">=3.0.2,<5"
idna = ">=2.5,<3"
urllib3 = ">=1.21.1,<1.27"

[package.extras]
security = ["pyOpenSSL (>=0.14)", "cryptography (>=1.3.4)"]
socks = ["PySocks (>=1.5.6,!=1.5.7)", "win-inet-pton"]

[[package]]
name = "selenium"
version = "3.141.0"
description = "Python bindings for Selenium"
category = "main"
optional = false
python-versions = "*"

[package.dependencies]
urllib3 = "*"

[[package]]
name = "starlette"
version = "0.13.6"
description = "The little ASGI library that shines."
category = "main"
optional = false
python-versions = ">=3.6"

[package.extras]
full = ["aiofiles", "graphene", "itsdangerous", "jinja2", "python-multipart", "pyyaml", "requests", "ujson"]

[[package]]
name = "toml"
version = "0.10.2"
description = "Python Library for Tom's Obvious, Minimal Language"
category = "dev"
optional = false
python-versions = ">=2.6, !=3.0.*, !=3.1.*, !=3.2.*"

[[package]]
name = "typing-extensions"
version = "3.10.0.0"
description = "Backported and Experimental Type Hints for Python 3.5+"
category = "main"
optional = false
python-versions = "*"

[[package]]
name = "urllib3"
version = "1.26.4"
description = "HTTP library with thread-safe connection pooling, file post, and more."
category = "main"
optional = false
python-versions = ">=2.7, !=3.0.*, !=3.1.*, !=3.2.*, !=3.3.*, !=3.4.*, <4"

[package.extras]
secure = ["pyOpenSSL (>=0.14)", "cryptography (>=1.3.4)", "idna (>=2.0.0)", "certifi", "ipaddress"]
socks = ["PySocks (>=1.5.6,!=1.5.7,<2.0)"]
brotli = ["brotlipy (>=0.6.0)"]

[[package]]
name = "uvicorn"
version = "0.13.4"
description = "The lightning-fast ASGI server."
category = "main"
optional = false
python-versions = "*"

[package.dependencies]
click = ">=7.0.0,<8.0.0"
h11 = ">=0.8"

[package.extras]
standard = ["websockets (>=8.0.0,<9.0.0)", "watchgod (>=0.6)", "python-dotenv (>=0.13)", "PyYAML (>=5.1)", "httptools (>=0.1.0,<0.2.0)", "uvloop (>=0.14.0,!=0.15.0,!=0.15.1)", "colorama (>=0.4)"]

[metadata]
lock-version = "1.1"
python-versions = "^3.9.4"
content-hash = "c7ce00d8fe8bbc511fb852266e3500579ffe14c9a62a59ff3138b673ddd9634c"

[metadata.files]
atomicwrites = [
    {file = "atomicwrites-1.4.0-py2.py3-none-any.whl", hash = "sha256:6d1784dea7c0c8d4a5172b6c620f40b6e4cbfdf96d783691f2e1302a7b88e197"},
    {file = "atomicwrites-1.4.0.tar.gz", hash = "sha256:ae70396ad1a434f9c7046fd2dd196fc04b12f9e91ffb859164193be8b6168a7a"},
]
attrs = [
    {file = "attrs-20.3.0-py2.py3-none-any.whl", hash = "sha256:31b2eced602aa8423c2aea9c76a724617ed67cf9513173fd3a4f03e3a929c7e6"},
    {file = "attrs-20.3.0.tar.gz", hash = "sha256:832aa3cde19744e49938b91fea06d69ecb9e649c93ba974535d08ad92164f700"},
]
autoload-module = [
    {file = "autoload-module-1.2.0.tar.gz", hash = "sha256:aa59e8627ba063df91b810cfa362dccb7ffae4fd10cb282a14bc19b1a93c59c0"},
    {file = "autoload_module-1.2.0-py3-none-any.whl", hash = "sha256:c2ddd25b876d8a62e97fffd759ca5937a3e40b9bcac8569d14c1dbb5ca1b9f8e"},
]
certifi = [
    {file = "certifi-2020.12.5-py2.py3-none-any.whl", hash = "sha256:719a74fb9e33b9bd44cc7f3a8d94bc35e4049deebe19ba7d8e108280cfd59830"},
    {file = "certifi-2020.12.5.tar.gz", hash = "sha256:1a4995114262bffbc2413b159f2a1a480c969de6e6eb13ee966d470af86af59c"},
]
chardet = [
    {file = "chardet-4.0.0-py2.py3-none-any.whl", hash = "sha256:f864054d66fd9118f2e67044ac8981a54775ec5b67aed0441892edb553d21da5"},
    {file = "chardet-4.0.0.tar.gz", hash = "sha256:0d6f53a15db4120f2b08c94f11e7d93d2c911ee118b6b30a04ec3ee8310179fa"},
]
chromedriver-binary-auto = [
    {file = "chromedriver-binary-auto-0.1.1.tar.gz", hash = "sha256:7c0eee0eef320f31d0673d8d49412656eb22bf38d47c4c2783f4ea86802720b1"},
]
click = [
    {file = "click-7.1.2-py2.py3-none-any.whl", hash = "sha256:dacca89f4bfadd5de3d7489b7c8a566eee0d3676333fbb50030263894c38c0dc"},
    {file = "click-7.1.2.tar.gz", hash = "sha256:d2b5255c7c6349bc1bd1e59e08cd12acbbd63ce649f2588755783aa94dfb6b1a"},
]
colorama = [
    {file = "colorama-0.4.4-py2.py3-none-any.whl", hash = "sha256:9f47eda37229f68eee03b24b9748937c7dc3868f906e8ba69fbcbdd3bc5dc3e2"},
    {file = "colorama-0.4.4.tar.gz", hash = "sha256:5941b2b48a20143d2267e95b1c2a7603ce057ee39fd88e7329b0c292aa16869b"},
]
debugpy = [
    {file = "debugpy-1.3.0-cp27-cp27m-macosx_10_14_x86_64.whl", hash = "sha256:54109c9cbce8e96986a943812de8536d001130bce27d1a370b0c39bc7d6ef619"},
    {file = "debugpy-1.3.0-cp27-cp27m-manylinux1_i686.whl", hash = "sha256:cd3e74f465bb71122481c27688cf09a3dd13fae18df30abfd51e513811fc7873"},
    {file = "debugpy-1.3.0-cp27-cp27m-manylinux1_x86_64.whl", hash = "sha256:98c76193a924baddfbffd329a03d9d5722b0ea86a777db40263f257555ab0dba"},
    {file = "debugpy-1.3.0-cp27-cp27m-manylinux2010_i686.whl", hash = "sha256:313bcd88d40a65a6a9032ecd3aa83099f759839ec80677bac70285aa025112ba"},
    {file = "debugpy-1.3.0-cp27-cp27m-manylinux2010_x86_64.whl", hash = "sha256:1478532ed5d29626cf2acbe58213a22ce6d86af9b57716d2e4824a5ae750418b"},
    {file = "debugpy-1.3.0-cp27-cp27mu-manylinux1_i686.whl", hash = "sha256:0c017a26a489cf6c57fd9a51ec33718275d15cbb19cc29097e7efb0492a1def4"},
    {file = "debugpy-1.3.0-cp27-cp27mu-manylinux1_x86_64.whl", hash = "sha256:d53e7b8dba67b390b43d891fd5459c49499fb274748ced89cada1f7dad95c414"},
    {file = "debugpy-1.3.0-cp27-cp27mu-manylinux2010_i686.whl", hash = "sha256:dd1f907b2ea8b57dd26c315bd5c907a147f9b5f28ffec092c2572cab6d57e332"},
    {file = "debugpy-1.3.0-cp27-cp27mu-manylinux2010_x86_64.whl", hash = "sha256:8ca653751aa728cf620c8fddc9c6200511fcc2e7d0a6ed615d246fdca1df5201"},
    {file = "debugpy-1.3.0-cp35-cp35m-macosx_10_14_x86_64.whl", hash = "sha256:de92459af4b0079437fae79f10469488ef1566942028847e4bac780e079a5a88"},
    {file = "debugpy-1.3.0-cp35-cp35m-manylinux1_i686.whl", hash = "sha256:996439d56a0a2f38ea2c0a4d88874a56815585120a3dedd03422b1e3678875f1"},
    {file = "debugpy-1.3.0-cp35-cp35m-manylinux1_x86_64.whl", hash = "sha256:a696ac566adc8b6aca3e7eb3bd2bd7b71d61f4721f42bf2e504f4166769ea4d3"},
    {file = "debugpy-1.3.0-cp35-cp35m-manylinux2010_i686.whl", hash = "sha256:04b6730cc4149d3fd947e351e8a2cf18cd31fd4c8ba46872921dd54c4eee2acc"},
    {file = "debugpy-1.3.0-cp35-cp35m-manylinux2010_x86_64.whl", hash = "sha256:81cfd83a911b454c36b677d0bc722c35acd978e1856d5550e71c1226af9c143c"},
    {file = "debugpy-1.3.0-cp35-cp35m-manylinux2014_i686.whl", hash = "sha256:e6f344db72fa9773ab52a1f527bb1b517e8426a13611a68aae5db587d1996bc1"},
    {file = "debugpy-1.3.0-cp35-cp35m-manylinux2014_x86_64.whl", hash = "sha256:c28a4a74082bf7c06553e5002ad505d4119d0b4425a70570368082bcb222d8f2"},
    {file = "debugpy-1.3.0-cp35-cp35m-win32.whl", hash = "sha256:37d06369b46d2013768494cf18e0568834d89ba52698a695358d12411ac9cf65"},
    {file = "debugpy-1.3.0-cp35-cp35m-win_amd64.whl", hash = "sha256:0777fff5d8ce086383bbb6017ab7a4300f29c02565aa72a4533f0c815898d44b"},
    {file = "debugpy-1.3.0-cp36-cp36m-macosx_10_14_x86_64.whl", hash = "sha256:e658b89c9e3eab39bbbe56d3e086ffc0b3266817788cb5aa6669f194620b3951"},
    {file = "debugpy-1.3.0-cp36-cp36m-manylinux1_i686.whl", hash = "sha256:61c6c77b3ea3098dfd78f2ff4ce27565145a293af995f817f2475d02a2145b6d"},
    {file = "debugpy-1.3.0-cp36-cp36m-manylinux1_x86_64.whl", hash = "sha256:fab455f6c811f98f3d669b23eb99623200929eef9c0a8a8f1052aeba89346f93"},
    {file = "debugpy-1.3.0-cp36-cp36m-manylinux2010_i686.whl", hash = "sha256:91ff6c5ea619a0a3bfdc49587d2f05198c1849d8888632f96d2f855e4e88a21a"},
    {file = "debugpy-1.3.0-cp36-cp36m-manylinux2010_x86_64.whl", hash = "sha256:709bc213b0b31665e00a3547cb92b2760b948b6473dbd56fe0a5ff1fa1202e80"},
    {file = "debugpy-1.3.0-cp36-cp36m-manylinux2014_i686.whl", hash = "sha256:813075f9ff6795187417109fff11819b23a92169b98b56837d2a9c06eb81f15e"},
    {file = "debugpy-1.3.0-cp36-cp36m-manylinux2014_x86_64.whl", hash = "sha256:d15b0be81c9a448346ed0a7c19d9c88f60ccfb53f66e5e4ec99320d9dcd4fe4e"},
    {file = "debugpy-1.3.0-cp36-cp36m-win32.whl", hash = "sha256:1b7929baf506d897d170adbb9a99b83b6453acb2d7b10780eb46cb697522529c"},
    {file = "debugpy-1.3.0-cp36-cp36m-win_amd64.whl", hash = "sha256:062b87923f78636217617c8de2c16c9846612f30d12f3b51c0eb194739963003"},
    {file = "debugpy-1.3.0-cp37-cp37m-macosx_10_14_x86_64.whl", hash = "sha256:231851bec777e210cebb247b8a57ae35d4bc213b190b05d95556e52a0a765ccf"},
    {file = "debugpy-1.3.0-cp37-cp37m-manylinux1_i686.whl", hash = "sha256:a332717a0778d55ca4629fb0b4a016affa06151a9822af940552497a77aac7ce"},
    {file = "debugpy-1.3.0-cp37-cp37m-manylinux1_x86_64.whl", hash = "sha256:bcdffa215de49033aac273facbc4c2413a137b6e2b6694ac7ae04a88f38e4eba"},
    {file = "debugpy-1.3.0-cp37-cp37m-manylinux2010_i686.whl", hash = "sha256:33ce42e58977d811d974a1f30352d2822a0f2e7160f0e6211753da3027fcf442"},
    {file = "debugpy-1.3.0-cp37-cp37m-manylinux2010_x86_64.whl", hash = "sha256:71f634cf1eb52c825a000300e031c52e789337754237745a4d31560ce0041c9c"},
    {file = "debugpy-1.3.0-cp37-cp37m-manylinux2014_i686.whl", hash = "sha256:8e26ce355631f80f044bf0c97fd2d8db0b83b43b6fa8abac956108e58c79f522"},
    {file = "debugpy-1.3.0-cp37-cp37m-manylinux2014_x86_64.whl", hash = "sha256:72c3cb415cdf42c7ff26ee2aebe3095bc136ed3065d1f60d76feebe47b1980a6"},
    {file = "debugpy-1.3.0-cp37-cp37m-win32.whl", hash = "sha256:9b4304cc2ddedcefdc7ac0d6499a246aff6c981b58bfbd89f4103c0584e200e5"},
    {file = "debugpy-1.3.0-cp37-cp37m-win_amd64.whl", hash = "sha256:bd307ceabb2b17328e84cc0416bd6c0181de78d4f920510017f4fc7590afc2d9"},
    {file = "debugpy-1.3.0-cp38-cp38-macosx_10_14_x86_64.whl", hash = "sha256:b3e2d0256736e77acfa1c05c35ed0f7b00a17a7d7da45e47d0705c5a2fc31256"},
    {file = "debugpy-1.3.0-cp38-cp38-manylinux1_i686.whl", hash = "sha256:de28c434abb8179b05afaa8a0447fff36980f397ef6c64a6c825a26c5258b67f"},
    {file = "debugpy-1.3.0-cp38-cp38-manylinux1_x86_64.whl", hash = "sha256:9c858b3bc1a28b30d06df0bdb02a7a5e7a146f986b0d5e4c438cc1940d121bce"},
    {file = "debugpy-1.3.0-cp38-cp38-manylinux2010_i686.whl", hash = "sha256:028fd23004a4f86e37767efa1c285ee74ee2c5cd9b02f9dff62be0ce17429ad9"},
    {file = "debugpy-1.3.0-cp38-cp38-manylinux2010_x86_64.whl", hash = "sha256:068db6d85b69500f76fb28ac2b8d6dcedb6d9e405fbffb39489651eb56e793f0"},
    {file = "debugpy-1.3.0-cp38-cp38-manylinux2014_i686.whl", hash = "sha256:0ba4dd246588740f17725841be08c7368c1f2df706bb65dd85998c5809809c8e"},
    {file = "debugpy-1.3.0-cp38-cp38-manylinux2014_x86_64.whl", hash = "sha256:2a8246403058457e8f777853af52a61402cf8596d6b9442de1112038495b5603"},
    {file = "debugpy-1.3.0-cp38-cp38-win32.whl", hash = "sha256:d678f48f2fd14716839e7e5b560eacbebddb0cc95832998dd020010e20a1cd9e"},
    {file = "debugpy-1.3.0-cp38-cp38-win_amd64.whl", hash = "sha256:7a1df03e909e8b3f9eb45e2d3495e290df8fe9df1b903957b144125635b5ecf6"},
    {file = "debugpy-1.3.0-cp39-cp39-macosx_10_14_x86_64.whl", hash = "sha256:7cd804d531e6c932ffb87766746bca111c9470b6c7877340df9ed3edd66d7c7c"},
    {file = "debugpy-1.3.0-cp39-cp39-manylinux1_i686.whl", hash = "sha256:5f7aeae9c8d7b77d8bad23d82723585949d4ef32fc4eb769e28f1d33319a28b0"},
    {file = "debugpy-1.3.0-cp39-cp39-manylinux1_x86_64.whl", hash = "sha256:a24d65a295875d6f7b063bbc100240523537aff3380d33c1205819ebf213e340"},
    {file = "debugpy-1.3.0-cp39-cp39-manylinux2010_i686.whl", hash = "sha256:63acc9e755c1ae426c223b0596ac098b773a633091121c997086b7bd50faa1e0"},
    {file = "debugpy-1.3.0-cp39-cp39-manylinux2010_x86_64.whl", hash = "sha256:4558ac356f3a6d46d3b3fb92bf4c053b87fd3903cf4022f10425e811c62a0514"},
    {file = "debugpy-1.3.0-cp39-cp39-manylinux2014_i686.whl", hash = "sha256:d1254de50f25623df4ff90512f4dd5734874438680f6ad284daa9af1c622f504"},
    {file = "debugpy-1.3.0-cp39-cp39-manylinux2014_x86_64.whl", hash = "sha256:29252f8253b1cbd5a4786d41d0d44835bd8152f910af109a48eebf1d0b66a40c"},
    {file = "debugpy-1.3.0-cp39-cp39-win32.whl", hash = "sha256:9c3cb1f0324dcaf5e1dcc64013dbe959112724c8f58a558fc804741a54a90f14"},
    {file = "debugpy-1.3.0-cp39-cp39-win_amd64.whl", hash = "sha256:68905f3bc59b7d903724e040f80bd89c9d649d67473f09d6912908a4c46f971e"},
    {file = "debugpy-1.3.0-py2.py3-none-any.whl", hash = "sha256:8e3002cfb2ebf570f19fd060950e459a071630f6767f7e44804ac5a67ef57baf"},
    {file = "debugpy-1.3.0.zip", hash = "sha256:71ab9068e87a28cfbb7a7db041a946ac5493d45d0c61280021af038e14a64232"},
]
fastapi = [
    {file = "fastapi-0.63.0-py3-none-any.whl", hash = "sha256:98d8ea9591d8512fdadf255d2a8fa56515cdd8624dca4af369da73727409508e"},
    {file = "fastapi-0.63.0.tar.gz", hash = "sha256:63c4592f5ef3edf30afa9a44fa7c6b7ccb20e0d3f68cd9eba07b44d552058dcb"},
]
h11 = [
    {file = "h11-0.12.0-py3-none-any.whl", hash = "sha256:36a3cb8c0a032f56e2da7084577878a035d3b61d104230d4bd49c0c6b555a9c6"},
    {file = "h11-0.12.0.tar.gz", hash = "sha256:47222cb6067e4a307d535814917cd98fd0a57b6788ce715755fa2b6c28b56042"},
]
idna = [
    {file = "idna-2.10-py2.py3-none-any.whl", hash = "sha256:b97d804b1e9b523befed77c48dacec60e6dcb0b5391d57af6a65a312a90648c0"},
    {file = "idna-2.10.tar.gz", hash = "sha256:b307872f855b18632ce0c21c5e45be78c0ea7ae4c15c828c20788b26921eb3f6"},
]
iniconfig = [
    {file = "iniconfig-1.1.1-py2.py3-none-any.whl", hash = "sha256:011e24c64b7f47f6ebd835bb12a743f2fbe9a26d4cecaa7f53bc4f35ee9da8b3"},
    {file = "iniconfig-1.1.1.tar.gz", hash = "sha256:bc3af051d7d14b2ee5ef9969666def0cd1a000e121eaea580d4a313df4b37f32"},
]
packaging = [
    {file = "packaging-20.9-py2.py3-none-any.whl", hash = "sha256:67714da7f7bc052e064859c05c595155bd1ee9f69f76557e21f051443c20947a"},
    {file = "packaging-20.9.tar.gz", hash = "sha256:5b327ac1320dc863dca72f4514ecc086f31186744b84a230374cc1fd776feae5"},
]
pluggy = [
    {file = "pluggy-0.13.1-py2.py3-none-any.whl", hash = "sha256:966c145cd83c96502c3c3868f50408687b38434af77734af1e9ca461a4081d2d"},
    {file = "pluggy-0.13.1.tar.gz", hash = "sha256:15b2acde666561e1298d71b523007ed7364de07029219b604cf808bfa1c765b0"},
]
py = [
    {file = "py-1.10.0-py2.py3-none-any.whl", hash = "sha256:3b80836aa6d1feeaa108e046da6423ab8f6ceda6468545ae8d02d9d58d18818a"},
    {file = "py-1.10.0.tar.gz", hash = "sha256:21b81bda15b66ef5e1a777a21c4dcd9c20ad3efd0b3f817e7a809035269e1bd3"},
]
pydantic = [
    {file = "pydantic-1.8.1-cp36-cp36m-macosx_10_9_x86_64.whl", hash = "sha256:0c40162796fc8d0aa744875b60e4dc36834db9f2a25dbf9ba9664b1915a23850"},
    {file = "pydantic-1.8.1-cp36-cp36m-manylinux1_i686.whl", hash = "sha256:fff29fe54ec419338c522b908154a2efabeee4f483e48990f87e189661f31ce3"},
    {file = "pydantic-1.8.1-cp36-cp36m-manylinux2014_i686.whl", hash = "sha256:fbfb608febde1afd4743c6822c19060a8dbdd3eb30f98e36061ba4973308059e"},
    {file = "pydantic-1.8.1-cp36-cp36m-manylinux2014_x86_64.whl", hash = "sha256:eb8ccf12295113ce0de38f80b25f736d62f0a8d87c6b88aca645f168f9c78771"},
    {file = "pydantic-1.8.1-cp36-cp36m-win_amd64.whl", hash = "sha256:20d42f1be7c7acc352b3d09b0cf505a9fab9deb93125061b376fbe1f06a5459f"},
    {file = "pydantic-1.8.1-cp37-cp37m-macosx_10_9_x86_64.whl", hash = "sha256:dde4ca368e82791de97c2ec019681ffb437728090c0ff0c3852708cf923e0c7d"},
    {file = "pydantic-1.8.1-cp37-cp37m-manylinux1_i686.whl", hash = "sha256:3bbd023c981cbe26e6e21c8d2ce78485f85c2e77f7bab5ec15b7d2a1f491918f"},
    {file = "pydantic-1.8.1-cp37-cp37m-manylinux2014_i686.whl", hash = "sha256:830ef1a148012b640186bf4d9789a206c56071ff38f2460a32ae67ca21880eb8"},
    {file = "pydantic-1.8.1-cp37-cp37m-manylinux2014_x86_64.whl", hash = "sha256:fb77f7a7e111db1832ae3f8f44203691e15b1fa7e5a1cb9691d4e2659aee41c4"},
    {file = "pydantic-1.8.1-cp37-cp37m-win_amd64.whl", hash = "sha256:3bcb9d7e1f9849a6bdbd027aabb3a06414abd6068cb3b21c49427956cce5038a"},
    {file = "pydantic-1.8.1-cp38-cp38-macosx_10_9_x86_64.whl", hash = "sha256:2287ebff0018eec3cc69b1d09d4b7cebf277726fa1bd96b45806283c1d808683"},
    {file = "pydantic-1.8.1-cp38-cp38-manylinux1_i686.whl", hash = "sha256:4bbc47cf7925c86a345d03b07086696ed916c7663cb76aa409edaa54546e53e2"},
    {file = "pydantic-1.8.1-cp38-cp38-manylinux2014_i686.whl", hash = "sha256:6388ef4ef1435364c8cc9a8192238aed030595e873d8462447ccef2e17387125"},
    {file = "pydantic-1.8.1-cp38-cp38-manylinux2014_x86_64.whl", hash = "sha256:dd4888b300769ecec194ca8f2699415f5f7760365ddbe243d4fd6581485fa5f0"},
    {file = "pydantic-1.8.1-cp38-cp38-win_amd64.whl", hash = "sha256:8fbb677e4e89c8ab3d450df7b1d9caed23f254072e8597c33279460eeae59b99"},
    {file = "pydantic-1.8.1-cp39-cp39-macosx_10_9_x86_64.whl", hash = "sha256:2f2736d9a996b976cfdfe52455ad27462308c9d3d0ae21a2aa8b4cd1a78f47b9"},
    {file = "pydantic-1.8.1-cp39-cp39-manylinux1_i686.whl", hash = "sha256:3114d74329873af0a0e8004627f5389f3bb27f956b965ddd3e355fe984a1789c"},
    {file = "pydantic-1.8.1-cp39-cp39-manylinux2014_i686.whl", hash = "sha256:258576f2d997ee4573469633592e8b99aa13bda182fcc28e875f866016c8e07e"},
    {file = "pydantic-1.8.1-cp39-cp39-manylinux2014_x86_64.whl", hash = "sha256:c17a0b35c854049e67c68b48d55e026c84f35593c66d69b278b8b49e2484346f"},
    {file = "pydantic-1.8.1-cp39-cp39-win_amd64.whl", hash = "sha256:e8bc082afef97c5fd3903d05c6f7bb3a6af9fc18631b4cc9fedeb4720efb0c58"},
    {file = "pydantic-1.8.1-py3-none-any.whl", hash = "sha256:e3f8790c47ac42549dc8b045a67b0ca371c7f66e73040d0197ce6172b385e520"},
    {file = "pydantic-1.8.1.tar.gz", hash = "sha256:26cf3cb2e68ec6c0cfcb6293e69fb3450c5fd1ace87f46b64f678b0d29eac4c3"},
]
pyparsing = [
    {file = "pyparsing-2.4.7-py2.py3-none-any.whl", hash = "sha256:ef9d7589ef3c200abe66653d3f1ab1033c3c419ae9b9bdb1240a85b024efc88b"},
    {file = "pyparsing-2.4.7.tar.gz", hash = "sha256:c203ec8783bf771a155b207279b9bccb8dea02d8f0c9e5f8ead507bc3246ecc1"},
]
pytest = [
    {file = "pytest-6.2.3-py3-none-any.whl", hash = "sha256:6ad9c7bdf517a808242b998ac20063c41532a570d088d77eec1ee12b0b5574bc"},
    {file = "pytest-6.2.3.tar.gz", hash = "sha256:671238a46e4df0f3498d1c3270e5deb9b32d25134c99b7d75370a68cfbe9b634"},
]
pyyaml = [
    {file = "PyYAML-5.4.1-cp27-cp27m-macosx_10_9_x86_64.whl", hash = "sha256:3b2b1824fe7112845700f815ff6a489360226a5609b96ec2190a45e62a9fc922"},
    {file = "PyYAML-5.4.1-cp27-cp27m-win32.whl", hash = "sha256:129def1b7c1bf22faffd67b8f3724645203b79d8f4cc81f674654d9902cb4393"},
    {file = "PyYAML-5.4.1-cp27-cp27m-win_amd64.whl", hash = "sha256:4465124ef1b18d9ace298060f4eccc64b0850899ac4ac53294547536533800c8"},
    {file = "PyYAML-5.4.1-cp27-cp27mu-manylinux1_x86_64.whl", hash = "sha256:bb4191dfc9306777bc594117aee052446b3fa88737cd13b7188d0e7aa8162185"},
    {file = "PyYAML-5.4.1-cp36-cp36m-macosx_10_9_x86_64.whl", hash = "sha256:6c78645d400265a062508ae399b60b8c167bf003db364ecb26dcab2bda048253"},
    {file = "PyYAML-5.4.1-cp36-cp36m-manylinux1_x86_64.whl", hash = "sha256:4e0583d24c881e14342eaf4ec5fbc97f934b999a6828693a99157fde912540cc"},
    {file = "PyYAML-5.4.1-cp36-cp36m-manylinux2014_aarch64.whl", hash = "sha256:72a01f726a9c7851ca9bfad6fd09ca4e090a023c00945ea05ba1638c09dc3347"},
    {file = "PyYAML-5.4.1-cp36-cp36m-manylinux2014_s390x.whl", hash = "sha256:895f61ef02e8fed38159bb70f7e100e00f471eae2bc838cd0f4ebb21e28f8541"},
    {file = "PyYAML-5.4.1-cp36-cp36m-win32.whl", hash = "sha256:3bd0e463264cf257d1ffd2e40223b197271046d09dadf73a0fe82b9c1fc385a5"},
    {file = "PyYAML-5.4.1-cp36-cp36m-win_amd64.whl", hash = "sha256:e4fac90784481d221a8e4b1162afa7c47ed953be40d31ab4629ae917510051df"},
    {file = "PyYAML-5.4.1-cp37-cp37m-macosx_10_9_x86_64.whl", hash = "sha256:5accb17103e43963b80e6f837831f38d314a0495500067cb25afab2e8d7a4018"},
    {file = "PyYAML-5.4.1-cp37-cp37m-manylinux1_x86_64.whl", hash = "sha256:e1d4970ea66be07ae37a3c2e48b5ec63f7ba6804bdddfdbd3cfd954d25a82e63"},
    {file = "PyYAML-5.4.1-cp37-cp37m-manylinux2014_aarch64.whl", hash = "sha256:cb333c16912324fd5f769fff6bc5de372e9e7a202247b48870bc251ed40239aa"},
    {file = "PyYAML-5.4.1-cp37-cp37m-manylinux2014_s390x.whl", hash = "sha256:fe69978f3f768926cfa37b867e3843918e012cf83f680806599ddce33c2c68b0"},
    {file = "PyYAML-5.4.1-cp37-cp37m-win32.whl", hash = "sha256:dd5de0646207f053eb0d6c74ae45ba98c3395a571a2891858e87df7c9b9bd51b"},
    {file = "PyYAML-5.4.1-cp37-cp37m-win_amd64.whl", hash = "sha256:08682f6b72c722394747bddaf0aa62277e02557c0fd1c42cb853016a38f8dedf"},
    {file = "PyYAML-5.4.1-cp38-cp38-macosx_10_9_x86_64.whl", hash = "sha256:d2d9808ea7b4af864f35ea216be506ecec180628aced0704e34aca0b040ffe46"},
    {file = "PyYAML-5.4.1-cp38-cp38-manylinux1_x86_64.whl", hash = "sha256:8c1be557ee92a20f184922c7b6424e8ab6691788e6d86137c5d93c1a6ec1b8fb"},
    {file = "PyYAML-5.4.1-cp38-cp38-manylinux2014_aarch64.whl", hash = "sha256:fd7f6999a8070df521b6384004ef42833b9bd62cfee11a09bda1079b4b704247"},
    {file = "PyYAML-5.4.1-cp38-cp38-manylinux2014_s390x.whl", hash = "sha256:bfb51918d4ff3d77c1c856a9699f8492c612cde32fd3bcd344af9be34999bfdc"},
    {file = "PyYAML-5.4.1-cp38-cp38-win32.whl", hash = "sha256:fa5ae20527d8e831e8230cbffd9f8fe952815b2b7dae6ffec25318803a7528fc"},
    {file = "PyYAML-5.4.1-cp38-cp38-win_amd64.whl", hash = "sha256:0f5f5786c0e09baddcd8b4b45f20a7b5d61a7e7e99846e3c799b05c7c53fa696"},
    {file = "PyYAML-5.4.1-cp39-cp39-macosx_10_9_x86_64.whl", hash = "sha256:294db365efa064d00b8d1ef65d8ea2c3426ac366c0c4368d930bf1c5fb497f77"},
    {file = "PyYAML-5.4.1-cp39-cp39-manylinux1_x86_64.whl", hash = "sha256:74c1485f7707cf707a7aef42ef6322b8f97921bd89be2ab6317fd782c2d53183"},
    {file = "PyYAML-5.4.1-cp39-cp39-manylinux2014_aarch64.whl", hash = "sha256:d483ad4e639292c90170eb6f7783ad19490e7a8defb3e46f97dfe4bacae89122"},
    {file = "PyYAML-5.4.1-cp39-cp39-manylinux2014_s390x.whl", hash = "sha256:fdc842473cd33f45ff6bce46aea678a54e3d21f1b61a7750ce3c498eedfe25d6"},
    {file = "PyYAML-5.4.1-cp39-cp39-win32.whl", hash = "sha256:49d4cdd9065b9b6e206d0595fee27a96b5dd22618e7520c33204a4a3239d5b10"},
    {file = "PyYAML-5.4.1-cp39-cp39-win_amd64.whl", hash = "sha256:c20cfa2d49991c8b4147af39859b167664f2ad4561704ee74c1de03318e898db"},
    {file = "PyYAML-5.4.1.tar.gz", hash = "sha256:607774cbba28732bfa802b54baa7484215f530991055bb562efbed5b2f20a45e"},
]
requests = [
    {file = "requests-2.25.1-py2.py3-none-any.whl", hash = "sha256:c210084e36a42ae6b9219e00e48287def368a26d03a048ddad7bfee44f75871e"},
    {file = "requests-2.25.1.tar.gz", hash = "sha256:27973dd4a904a4f13b263a19c866c13b92a39ed1c964655f025f3f8d3d75b804"},
]
selenium = [
    {file = "selenium-3.141.0-py2.py3-none-any.whl", hash = "sha256:2d7131d7bc5a5b99a2d9b04aaf2612c411b03b8ca1b1ee8d3de5845a9be2cb3c"},
    {file = "selenium-3.141.0.tar.gz", hash = "sha256:deaf32b60ad91a4611b98d8002757f29e6f2c2d5fcaf202e1c9ad06d6772300d"},
]
starlette = [
    {file = "starlette-0.13.6-py3-none-any.whl", hash = "sha256:bd2ffe5e37fb75d014728511f8e68ebf2c80b0fa3d04ca1479f4dc752ae31ac9"},
    {file = "starlette-0.13.6.tar.gz", hash = "sha256:ebe8ee08d9be96a3c9f31b2cb2a24dbdf845247b745664bd8a3f9bd0c977fdbc"},
]
toml = [
    {file = "toml-0.10.2-py2.py3-none-any.whl", hash = "sha256:806143ae5bfb6a3c6e736a764057db0e6a0e05e338b5630894a5f779cabb4f9b"},
    {file = "toml-0.10.2.tar.gz", hash = "sha256:b3bda1d108d5dd99f4a20d24d9c348e91c4db7ab1b749200bded2f839ccbe68f"},
]
typing-extensions = [
    {file = "typing_extensions-3.10.0.0-py2-none-any.whl", hash = "sha256:0ac0f89795dd19de6b97debb0c6af1c70987fd80a2d62d1958f7e56fcc31b497"},
    {file = "typing_extensions-3.10.0.0-py3-none-any.whl", hash = "sha256:779383f6086d90c99ae41cf0ff39aac8a7937a9283ce0a414e5dd782f4c94a84"},
    {file = "typing_extensions-3.10.0.0.tar.gz", hash = "sha256:50b6f157849174217d0656f99dc82fe932884fb250826c18350e159ec6cdf342"},
]
urllib3 = [
    {file = "urllib3-1.26.4-py2.py3-none-any.whl", hash = "sha256:2f4da4594db7e1e110a944bb1b551fdf4e6c136ad42e4234131391e21eb5b0df"},
    {file = "urllib3-1.26.4.tar.gz", hash = "sha256:e7b021f7241115872f92f43c6508082facffbd1c048e3c6e2bb9c2a157e28937"},
]
uvicorn = [
    {file = "uvicorn-0.13.4-py3-none-any.whl", hash = "sha256:7587f7b08bd1efd2b9bad809a3d333e972f1d11af8a5e52a9371ee3a5de71524"},
    {file = "uvicorn-0.13.4.tar.gz", hash = "sha256:3292251b3c7978e8e4a7868f4baf7f7f7bb7e40c759ecc125c37e99cdea34202"},
]
